
Microsoft Visual Studio Solution File, Format Version 12.00
# Visual Studio Version 16
VisualStudioVersion = 16.0.31205.134
MinimumVisualStudioVersion = 10.0.40219.1
Project("{FAE04EC0-301F-11D3-BF4B-00C04F79EFBC}") = "File Explorer", "File Explorer\File Explorer.csproj", "{AB305944-1C8C-403A-9669-5F3FB8B190ED}"
EndProject
Global
	GlobalSection(SolutionConfigurationPlatforms) = preSolution
		Debug|Any CPU = Debug|Any CPU
		Release|Any CPU = Release|Any CPU
	EndGlobalSection
	GlobalSection(ProjectConfigurationPlatforms) = postSolution
		{AB305944-1C8C-403A-9669-5F3FB8B190ED}.Debug|Any CPU.ActiveCfg = Debug|Any CPU
		{AB305944-1C8C-403A-9669-5F3FB8B190ED}.Debug|Any CPU.Build.0 = Debug|Any CPU
		{AB305944-1C8C-403A-9669-5F3FB8B190ED}.Release|Any CPU.ActiveCfg = Release|Any CPU
		{AB305944-1C8C-403A-9669-5F3FB8B190ED}.Release|Any CPU.Build.0 = Release|Any CPU
	EndGlobalSection
	GlobalSection(SolutionProperties) = preSolution
		HideSolutionNode = FALSE
	EndGlobalSection
	GlobalSection(ExtensibilityGlobals) = postSolution
		SolutionGuid = {B151F34B-ADCC-45D1-98E7-1D7EE1F26C5A}
	EndGlobalSection
EndGlobal
